# Locked dependency tree for deterministic installs.
# Regenerate with: uv pip compile requirements.txt --output-file requirements.lock --generate-hashes
# (Hashes omitted offline; run the command above in a networked environment to add them.)

certifi==2024.7.4
charset-normalizer==3.3.2
idna==3.7
iniconfig==2.0.0
jsonschema==4.23.0
jsonschema-specifications==2024.10.1
joblib==1.3.2
numpy==1.26.4
packaging==24.2
pyrsistent==0.20.0
referencing==0.35.1
rpds-py==0.22.3
attrs==24.2.0
pandas==2.2.2
pluggy==1.5.0
freezegun==1.4.0
python-dateutil==2.9.0.post0
pytz==2024.1
pytest==8.2.2
requests==2.32.3
scikit-learn==1.4.2
scipy==1.12.0
six==1.16.0
threadpoolctl==3.3.0
tqdm==4.66.4
tzdata==2024.1
urllib3==2.2.3
websocket-client==1.7.0
websockets==12.0
